
Microsoft Visual Studio Solution File, Format Version 12.00
# Visual Studio Version 17
VisualStudioVersion = 17.8.34511.84
MinimumVisualStudioVersion = 10.0.40219.1
Project("{9A19103F-16F7-4668-BE54-9A1E7A4F7556}") = "TextFilterer", "src\TextFilterer\TextFilterer.csproj", "{8FB6EF05-0618-47AB-960A-B3C3C7F473B8}"
EndProject
Project("{2150E333-8FDC-42A3-9474-1A3956D46DE8}") = "src", "src", "{97BE5F2C-7A72-48FA-9601-544385A4A9DC}"
EndProject
Project("{2150E333-8FDC-42A3-9474-1A3956D46DE8}") = "tests", "tests", "{BA38B9A7-F698-4576-868C-476AEAA16B0C}"
EndProject
Project("{FAE04EC0-301F-11D3-BF4B-00C04F79EFBC}") = "TextFilterer.UnitTests", "tests\TextFilterer.UnitTests\TextFilterer.UnitTests.csproj", "{4410324B-2D74-4F69-AA6B-648B36495594}"
EndProject
Project("{2150E333-8FDC-42A3-9474-1A3956D46DE8}") = "Solution Items", "Solution Items", "{9B7BB0BE-3813-44CF-8070-2B79D53FF9C7}"
	ProjectSection(SolutionItems) = preProject
		.editorconfig = .editorconfig
	EndProjectSection
EndProject
Global
	GlobalSection(SolutionConfigurationPlatforms) = preSolution
		Debug|Any CPU = Debug|Any CPU
		Release|Any CPU = Release|Any CPU
	EndGlobalSection
	GlobalSection(ProjectConfigurationPlatforms) = postSolution
		{8FB6EF05-0618-47AB-960A-B3C3C7F473B8}.Debug|Any CPU.ActiveCfg = Debug|Any CPU
		{8FB6EF05-0618-47AB-960A-B3C3C7F473B8}.Debug|Any CPU.Build.0 = Debug|Any CPU
		{8FB6EF05-0618-47AB-960A-B3C3C7F473B8}.Release|Any CPU.ActiveCfg = Release|Any CPU
		{8FB6EF05-0618-47AB-960A-B3C3C7F473B8}.Release|Any CPU.Build.0 = Release|Any CPU
		{4410324B-2D74-4F69-AA6B-648B36495594}.Debug|Any CPU.ActiveCfg = Debug|Any CPU
		{4410324B-2D74-4F69-AA6B-648B36495594}.Debug|Any CPU.Build.0 = Debug|Any CPU
		{4410324B-2D74-4F69-AA6B-648B36495594}.Release|Any CPU.ActiveCfg = Release|Any CPU
		{4410324B-2D74-4F69-AA6B-648B36495594}.Release|Any CPU.Build.0 = Release|Any CPU
	EndGlobalSection
	GlobalSection(SolutionProperties) = preSolution
		HideSolutionNode = FALSE
	EndGlobalSection
	GlobalSection(NestedProjects) = preSolution
		{8FB6EF05-0618-47AB-960A-B3C3C7F473B8} = {97BE5F2C-7A72-48FA-9601-544385A4A9DC}
		{4410324B-2D74-4F69-AA6B-648B36495594} = {BA38B9A7-F698-4576-868C-476AEAA16B0C}
	EndGlobalSection
	GlobalSection(ExtensibilityGlobals) = postSolution
		SolutionGuid = {0DB1F566-720E-48E0-8BD8-BE15CFA48374}
	EndGlobalSection
EndGlobal
